// !$*UTF8*$!
{
	archiveVersion = 1;
	classes = {
	};
	objectVersion = 46;
	objects = {

/* Begin PBXBuildFile section */
		697D96F918388BCF00D20652 /* Foundation.framework in Frameworks */ = {isa = PBXBuildFile; fileRef = 697D96F818388BCF00D20652 /* Foundation.framework */; };
		697D96FB18388BCF00D20652 /* CoreGraphics.framework in Frameworks */ = {isa = PBXBuildFile; fileRef = 697D96FA18388BCF00D20652 /* CoreGraphics.framework */; };
		697D96FD18388BCF00D20652 /* UIKit.framework in Frameworks */ = {isa = PBXBuildFile; fileRef = 697D96FC18388BCF00D20652 /* UIKit.framework */; };
		697D970318388BCF00D20652 /* InfoPlist.strings in Resources */ = {isa = PBXBuildFile; fileRef = 697D970118388BCF00D20652 /* InfoPlist.strings */; };
		697D970518388BCF00D20652 /* main.m in Sources */ = {isa = PBXBuildFile; fileRef = 697D970418388BCF00D20652 /* main.m */; };
		697D970918388BCF00D20652 /* AppDelegate.m in Sources */ = {isa = PBXBuildFile; fileRef = 697D970818388BCF00D20652 /* AppDelegate.m */; };
		697D970C18388BCF00D20652 /* Main.storyboard in Resources */ = {isa = PBXBuildFile; fileRef = 697D970A18388BCF00D20652 /* Main.storyboard */; };
		697D970F18388BCF00D20652 /* ViewController.m in Sources */ = {isa = PBXBuildFile; fileRef = 697D970E18388BCF00D20652 /* ViewController.m */; };
		697D971118388BCF00D20652 /* Images.xcassets in Resources */ = {isa = PBXBuildFile; fileRef = 697D971018388BCF00D20652 /* Images.xcassets */; };
		697D971818388BCF00D20652 /* XCTest.framework in Frameworks */ = {isa = PBXBuildFile; fileRef = 697D971718388BCF00D20652 /* XCTest.framework */; };
		697D971918388BCF00D20652 /* Foundation.framework in Frameworks */ = {isa = PBXBuildFile; fileRef = 697D96F818388BCF00D20652 /* Foundation.framework */; };
		697D971A18388BCF00D20652 /* UIKit.framework in Frameworks */ = {isa = PBXBuildFile; fileRef = 697D96FC18388BCF00D20652 /* UIKit.framework */; };
		697D972218388BCF00D20652 /* InfoPlist.strings in Resources */ = {isa = PBXBuildFile; fileRef = 697D972018388BCF00D20652 /* InfoPlist.strings */; };
		697D972418388BCF00D20652 /* PakuriBookTests.m in Sources */ = {isa = PBXBuildFile; fileRef = 697D972318388BCF00D20652 /* PakuriBookTests.m */; };
		69F219E71846E81D0094B89C /* FacebookSDK.framework in Frameworks */ = {isa = PBXBuildFile; fileRef = 69F219E61846E81D0094B89C /* FacebookSDK.framework */; };
		6B10A0691841C91400653CC4 /* NewsFeed.m in Sources */ = {isa = PBXBuildFile; fileRef = 6B10A0681841C91400653CC4 /* NewsFeed.m */; };
/* End PBXBuildFile section */

/* Begin PBXContainerItemProxy section */
		697D971B18388BCF00D20652 /* PBXContainerItemProxy */ = {
			isa = PBXContainerItemProxy;
			containerPortal = 697D96ED18388BCF00D20652 /* Project object */;
			proxyType = 1;
			remoteGlobalIDString = 697D96F418388BCF00D20652;
			remoteInfo = PakuriBook;
		};
/* End PBXContainerItemProxy section */

/* Begin PBXFileReference section */
		697D96F518388BCF00D20652 /* PakuriBook.app */ = {isa = PBXFileReference; explicitFileType = wrapper.application; includeInIndex = 0; path = PakuriBook.app; sourceTree = BUILT_PRODUCTS_DIR; };
		697D96F818388BCF00D20652 /* Foundation.framework */ = {isa = PBXFileReference; lastKnownFileType = wrapper.framework; name = Foundation.framework; path = System/Library/Frameworks/Foundation.framework; sourceTree = SDKROOT; };
		697D96FA18388BCF00D20652 /* CoreGraphics.framework */ = {isa = PBXFileReference; lastKnownFileType = wrapper.framework; name = CoreGraphics.framework; path = System/Library/Frameworks/CoreGraphics.framework; sourceTree = SDKROOT; };
		697D96FC18388BCF00D20652 /* UIKit.framework */ = {isa = PBXFileReference; lastKnownFileType = wrapper.framework; name = UIKit.framework; path = System/Library/Frameworks/UIKit.framework; sourceTree = SDKROOT; };
		697D970018388BCF00D20652 /* PakuriBook-Info.plist */ = {isa = PBXFileReference; lastKnownFileType = text.plist.xml; path = "PakuriBook-Info.plist"; sourceTree = "<group>"; };
		697D970218388BCF00D20652 /* en */ = {isa = PBXFileReference; lastKnownFileType = text.plist.strings; name = en; path = en.lproj/InfoPlist.strings; sourceTree = "<group>"; };
		697D970418388BCF00D20652 /* main.m */ = {isa = PBXFileReference; lastKnownFileType = sourcecode.c.objc; path = main.m; sourceTree = "<group>"; };
		697D970618388BCF00D20652 /* PakuriBook-Prefix.pch */ = {isa = PBXFileReference; lastKnownFileType = sourcecode.c.h; path = "PakuriBook-Prefix.pch"; sourceTree = "<group>"; };
		697D970718388BCF00D20652 /* AppDelegate.h */ = {isa = PBXFileReference; lastKnownFileType = sourcecode.c.h; path = AppDelegate.h; sourceTree = "<group>"; };
		697D970818388BCF00D20652 /* AppDelegate.m */ = {isa = PBXFileReference; lastKnownFileType = sourcecode.c.objc; path = AppDelegate.m; sourceTree = "<group>"; };
		697D970B18388BCF00D20652 /* Base */ = {isa = PBXFileReference; lastKnownFileType = file.storyboard; name = Base; path = Base.lproj/Main.storyboard; sourceTree = "<group>"; };
		697D970D18388BCF00D20652 /* ViewController.h */ = {isa = PBXFileReference; lastKnownFileType = sourcecode.c.h; path = ViewController.h; sourceTree = "<group>"; };
		697D970E18388BCF00D20652 /* ViewController.m */ = {isa = PBXFileReference; lastKnownFileType = sourcecode.c.objc; path = ViewController.m; sourceTree = "<group>"; };
		697D971018388BCF00D20652 /* Images.xcassets */ = {isa = PBXFileReference; lastKnownFileType = folder.assetcatalog; path = Images.xcassets; sourceTree = "<group>"; };
		697D971618388BCF00D20652 /* PakuriBookTests.xctest */ = {isa = PBXFileReference; explicitFileType = wrapper.cfbundle; includeInIndex = 0; path = PakuriBookTests.xctest; sourceTree = BUILT_PRODUCTS_DIR; };
		697D971718388BCF00D20652 /* XCTest.framework */ = {isa = PBXFileReference; lastKnownFileType = wrapper.framework; name = XCTest.framework; path = Library/Frameworks/XCTest.framework; sourceTree = DEVELOPER_DIR; };
		697D971F18388BCF00D20652 /* PakuriBookTests-Info.plist */ = {isa = PBXFileReference; lastKnownFileType = text.plist.xml; path = "PakuriBookTests-Info.plist"; sourceTree = "<group>"; };
		697D972118388BCF00D20652 /* en */ = {isa = PBXFileReference; lastKnownFileType = text.plist.strings; name = en; path = en.lproj/InfoPlist.strings; sourceTree = "<group>"; };
		697D972318388BCF00D20652 /* PakuriBookTests.m */ = {isa = PBXFileReference; lastKnownFileType = sourcecode.c.objc; path = PakuriBookTests.m; sourceTree = "<group>"; };
		69F219E61846E81D0094B89C /* FacebookSDK.framework */ = {isa = PBXFileReference; lastKnownFileType = wrapper.framework; path = FacebookSDK.framework; sourceTree = "<group>"; };
		6B10A05E1841BA9400653CC4 /* FBConnect.h */ = {isa = PBXFileReference; fileEncoding = 4; lastKnownFileType = sourcecode.c.h; path = FBConnect.h; sourceTree = "<group>"; };
		6B10A0651841C43800653CC4 /* FBDialog.h */ = {isa = PBXFileReference; fileEncoding = 4; lastKnownFileType = sourcecode.c.h; name = FBDialog.h; path = "../../../facebook-ios-sdk-master/src/FBDialog.h"; sourceTree = "<group>"; };
		6B10A0661841C82500653CC4 /* NewsFeed.h */ = {isa = PBXFileReference; fileEncoding = 4; lastKnownFileType = sourcecode.c.h; name = NewsFeed.h; path = ../NewsFeed.h; sourceTree = "<group>"; };
		6B10A0681841C91400653CC4 /* NewsFeed.m */ = {isa = PBXFileReference; fileEncoding = 4; lastKnownFileType = sourcecode.c.objc; path = NewsFeed.m; sourceTree = "<group>"; };
/* End PBXFileReference section */

/* Begin PBXFrameworksBuildPhase section */
		697D96F218388BCF00D20652 /* Frameworks */ = {
			isa = PBXFrameworksBuildPhase;
			buildActionMask = 2147483647;
			files = (
				697D96FB18388BCF00D20652 /* CoreGraphics.framework in Frameworks */,
				69F219E71846E81D0094B89C /* FacebookSDK.framework in Frameworks */,
				697D96FD18388BCF00D20652 /* UIKit.framework in Frameworks */,
				697D96F918388BCF00D20652 /* Foundation.framework in Frameworks */,
			);
			runOnlyForDeploymentPostprocessing = 0;
		};
		697D971318388BCF00D20652 /* Frameworks */ = {
			isa = PBXFrameworksBuildPhase;
			buildActionMask = 2147483647;
			files = (
				697D971818388BCF00D20652 /* XCTest.framework in Frameworks */,
				697D971A18388BCF00D20652 /* UIKit.framework in Frameworks */,
				697D971918388BCF00D20652 /* Foundation.framework in Frameworks */,
			);
			runOnlyForDeploymentPostprocessing = 0;
		};
/* End PBXFrameworksBuildPhase section */

/* Begin PBXGroup section */
		697D96EC18388BCF00D20652 = {
			isa = PBXGroup;
			children = (
				697D96FE18388BCF00D20652 /* PakuriBook */,
				697D971D18388BCF00D20652 /* PakuriBookTests */,
				697D96F718388BCF00D20652 /* Frameworks */,
				697D96F618388BCF00D20652 /* Products */,
			);
			sourceTree = "<group>";
		};
		697D96F618388BCF00D20652 /* Products */ = {
			isa = PBXGroup;
			children = (
				697D96F518388BCF00D20652 /* PakuriBook.app */,
				697D971618388BCF00D20652 /* PakuriBookTests.xctest */,
			);
			name = Products;
			sourceTree = "<group>";
		};
		697D96F718388BCF00D20652 /* Frameworks */ = {
			isa = PBXGroup;
			children = (
				69F219E61846E81D0094B89C /* FacebookSDK.framework */,
				697D96F818388BCF00D20652 /* Foundation.framework */,
				697D96FA18388BCF00D20652 /* CoreGraphics.framework */,
				697D96FC18388BCF00D20652 /* UIKit.framework */,
				697D971718388BCF00D20652 /* XCTest.framework */,
			);
			name = Frameworks;
			sourceTree = "<group>";
		};
		697D96FE18388BCF00D20652 /* PakuriBook */ = {
			isa = PBXGroup;
			children = (
				6B10A0661841C82500653CC4 /* NewsFeed.h */,
				6B10A0681841C91400653CC4 /* NewsFeed.m */,
				697D970718388BCF00D20652 /* AppDelegate.h */,
				697D970818388BCF00D20652 /* AppDelegate.m */,
				6B10A05E1841BA9400653CC4 /* FBConnect.h */,
				6B10A0651841C43800653CC4 /* FBDialog.h */,
				697D970A18388BCF00D20652 /* Main.storyboard */,
				697D970D18388BCF00D20652 /* ViewController.h */,
				697D970E18388BCF00D20652 /* ViewController.m */,
				697D971018388BCF00D20652 /* Images.xcassets */,
				697D96FF18388BCF00D20652 /* Supporting Files */,
			);
			path = PakuriBook;
			sourceTree = "<group>";
		};
		697D96FF18388BCF00D20652 /* Supporting Files */ = {
			isa = PBXGroup;
			children = (
				697D970018388BCF00D20652 /* PakuriBook-Info.plist */,
				697D970118388BCF00D20652 /* InfoPlist.strings */,
				697D970418388BCF00D20652 /* main.m */,
				697D970618388BCF00D20652 /* PakuriBook-Prefix.pch */,
			);
			name = "Supporting Files";
			sourceTree = "<group>";
		};
		697D971D18388BCF00D20652 /* PakuriBookTests */ = {
			isa = PBXGroup;
			children = (
				697D972318388BCF00D20652 /* PakuriBookTests.m */,
				697D971E18388BCF00D20652 /* Supporting Files */,
			);
			path = PakuriBookTests;
			sourceTree = "<group>";
		};
		697D971E18388BCF00D20652 /* Supporting Files */ = {
			isa = PBXGroup;
			children = (
				697D971F18388BCF00D20652 /* PakuriBookTests-Info.plist */,
				697D972018388BCF00D20652 /* InfoPlist.strings */,
			);
			name = "Supporting Files";
			sourceTree = "<group>";
		};
/* End PBXGroup section */

/* Begin PBXNativeTarget section */
		697D96F418388BCF00D20652 /* PakuriBook */ = {
			isa = PBXNativeTarget;
			buildConfigurationList = 697D972718388BCF00D20652 /* Build configuration list for PBXNativeTarget "PakuriBook" */;
			buildPhases = (
				697D96F118388BCF00D20652 /* Sources */,
				697D96F218388BCF00D20652 /* Frameworks */,
				697D96F318388BCF00D20652 /* Resources */,
			);
			buildRules = (
			);
			dependencies = (
			);
			name = PakuriBook;
			productName = PakuriBook;
			productReference = 697D96F518388BCF00D20652 /* PakuriBook.app */;
			productType = "com.apple.product-type.application";
		};
		697D971518388BCF00D20652 /* PakuriBookTests */ = {
			isa = PBXNativeTarget;
			buildConfigurationList = 697D972A18388BCF00D20652 /* Build configuration list for PBXNativeTarget "PakuriBookTests" */;
			buildPhases = (
				697D971218388BCF00D20652 /* Sources */,
				697D971318388BCF00D20652 /* Frameworks */,
				697D971418388BCF00D20652 /* Resources */,
			);
			buildRules = (
			);
			dependencies = (
				697D971C18388BCF00D20652 /* PBXTargetDependency */,
			);
			name = PakuriBookTests;
			productName = PakuriBookTests;
			productReference = 697D971618388BCF00D20652 /* PakuriBookTests.xctest */;
			productType = "com.apple.product-type.bundle.unit-test";
		};
/* End PBXNativeTarget section */

/* Begin PBXProject section */
		697D96ED18388BCF00D20652 /* Project object */ = {
			isa = PBXProject;
			attributes = {
				LastUpgradeCheck = 0500;
				ORGANIZATIONNAME = "Hiroki MATSUMOTO";
				TargetAttributes = {
					697D971518388BCF00D20652 = {
						TestTargetID = 697D96F418388BCF00D20652;
					};
				};
			};
			buildConfigurationList = 697D96F018388BCF00D20652 /* Build configuration list for PBXProject "PakuriBook" */;
			compatibilityVersion = "Xcode 3.2";
			developmentRegion = English;
			hasScannedForEncodings = 0;
			knownRegions = (
				en,
				Base,
			);
			mainGroup = 697D96EC18388BCF00D20652;
			productRefGroup = 697D96F618388BCF00D20652 /* Products */;
			projectDirPath = "";
			projectRoot = "";
			targets = (
				697D96F418388BCF00D20652 /* PakuriBook */,
				697D971518388BCF00D20652 /* PakuriBookTests */,
			);
		};
/* End PBXProject section */

/* Begin PBXResourcesBuildPhase section */
		697D96F318388BCF00D20652 /* Resources */ = {
			isa = PBXResourcesBuildPhase;
			buildActionMask = 2147483647;
			files = (
				697D971118388BCF00D20652 /* Images.xcassets in Resources */,
				697D970318388BCF00D20652 /* InfoPlist.strings in Resources */,
				697D970C18388BCF00D20652 /* Main.storyboard in Resources */,
			);
			runOnlyForDeploymentPostprocessing = 0;
		};
		697D971418388BCF00D20652 /* Resources */ = {
			isa = PBXResourcesBuildPhase;
			buildActionMask = 2147483647;
			files = (
				697D972218388BCF00D20652 /* InfoPlist.strings in Resources */,
			);
			runOnlyForDeploymentPostprocessing = 0;
		};
/* End PBXResourcesBuildPhase section */

/* Begin PBXSourcesBuildPhase section */
		697D96F118388BCF00D20652 /* Sources */ = {
			isa = PBXSourcesBuildPhase;
			buildActionMask = 2147483647;
			files = (
				697D970F18388BCF00D20652 /* ViewController.m in Sources */,
				697D970918388BCF00D20652 /* AppDelegate.m in Sources */,
				6B10A0691841C91400653CC4 /* NewsFeed.m in Sources */,
				697D970518388BCF00D20652 /* main.m in Sources */,
			);
			runOnlyForDeploymentPostprocessing = 0;
		};
		697D971218388BCF00D20652 /* Sources */ = {
			isa = PBXSourcesBuildPhase;
			buildActionMask = 2147483647;
			files = (
				697D972418388BCF00D20652 /* PakuriBookTests.m in Sources */,
			);
			runOnlyForDeploymentPostprocessing = 0;
		};
/* End PBXSourcesBuildPhase section */

/* Begin PBXTargetDependency section */
		697D971C18388BCF00D20652 /* PBXTargetDependency */ = {
			isa = PBXTargetDependency;
			target = 697D96F418388BCF00D20652 /* PakuriBook */;
			targetProxy = 697D971B18388BCF00D20652 /* PBXContainerItemProxy */;
		};
/* End PBXTargetDependency section */

/* Begin PBXVariantGroup section */
		697D970118388BCF00D20652 /* InfoPlist.strings */ = {
			isa = PBXVariantGroup;
			children = (
				697D970218388BCF00D20652 /* en */,
			);
			name = InfoPlist.strings;
			sourceTree = "<group>";
		};
		697D970A18388BCF00D20652 /* Main.storyboard */ = {
			isa = PBXVariantGroup;
			children = (
				697D970B18388BCF00D20652 /* Base */,
			);
			name = Main.storyboard;
			sourceTree = "<group>";
		};
		697D972018388BCF00D20652 /* InfoPlist.strings */ = {
			isa = PBXVariantGroup;
			children = (
				697D972118388BCF00D20652 /* en */,
			);
			name = InfoPlist.strings;
			sourceTree = "<group>";
		};
/* End PBXVariantGroup section */

/* Begin XCBuildConfiguration section */
		697D972518388BCF00D20652 /* Debug */ = {
			isa = XCBuildConfiguration;
			buildSettings = {
				ALWAYS_SEARCH_USER_PATHS = NO;
				ARCHS = "$(ARCHS_STANDARD_INCLUDING_64_BIT)";
				CLANG_CXX_LANGUAGE_STANDARD = "gnu++0x";
				CLANG_CXX_LIBRARY = "libc++";
				CLANG_ENABLE_MODULES = YES;
				CLANG_ENABLE_OBJC_ARC = YES;
				CLANG_WARN_BOOL_CONVERSION = YES;
				CLANG_WARN_CONSTANT_CONVERSION = YES;
				CLANG_WARN_DIRECT_OBJC_ISA_USAGE = YES_ERROR;
				CLANG_WARN_EMPTY_BODY = YES;
				CLANG_WARN_ENUM_CONVERSION = YES;
				CLANG_WARN_INT_CONVERSION = YES;
				CLANG_WARN_OBJC_ROOT_CLASS = YES_ERROR;
				CLANG_WARN__DUPLICATE_METHOD_MATCH = YES;
				"CODE_SIGN_IDENTITY[sdk=iphoneos*]" = "iPhone Developer";
				COPY_PHASE_STRIP = NO;
				GCC_C_LANGUAGE_STANDARD = gnu99;
				GCC_DYNAMIC_NO_PIC = NO;
				GCC_OPTIMIZATION_LEVEL = 0;
				GCC_PREPROCESSOR_DEFINITIONS = (
					"DEBUG=1",
					"$(inherited)",
				);
				GCC_SYMBOLS_PRIVATE_EXTERN = NO;
				GCC_WARN_64_TO_32_BIT_CONVERSION = YES;
				GCC_WARN_ABOUT_RETURN_TYPE = YES_ERROR;
				GCC_WARN_UNDECLARED_SELECTOR = YES;
				GCC_WARN_UNINITIALIZED_AUTOS = YES;
				GCC_WARN_UNUSED_FUNCTION = YES;
				GCC_WARN_UNUSED_VARIABLE = YES;
				IPHONEOS_DEPLOYMENT_TARGET = 7.0;
				ONLY_ACTIVE_ARCH = YES;
				SDKROOT = iphoneos;
			};
			name = Debug;
		};
		697D972618388BCF00D20652 /* Release */ = {
			isa = XCBuildConfiguration;
			buildSettings = {
				ALWAYS_SEARCH_USER_PATHS = NO;
				ARCHS = "$(ARCHS_STANDARD_INCLUDING_64_BIT)";
				CLANG_CXX_LANGUAGE_STANDARD = "gnu++0x";
				CLANG_CXX_LIBRARY = "libc++";
				CLANG_ENABLE_MODULES = YES;
				CLANG_ENABLE_OBJC_ARC = YES;
				CLANG_WARN_BOOL_CONVERSION = YES;
				CLANG_WARN_CONSTANT_CONVERSION = YES;
				CLANG_WARN_DIRECT_OBJC_ISA_USAGE = YES_ERROR;
				CLANG_WARN_EMPTY_BODY = YES;
				CLANG_WARN_ENUM_CONVERSION = YES;
				CLANG_WARN_INT_CONVERSION = YES;
				CLANG_WARN_OBJC_ROOT_CLASS = YES_ERROR;
				CLANG_WARN__DUPLICATE_METHOD_MATCH = YES;
				"CODE_SIGN_IDENTITY[sdk=iphoneos*]" = "iPhone Developer";
				COPY_PHASE_STRIP = YES;
				ENABLE_NS_ASSERTIONS = NO;
				GCC_C_LANGUAGE_STANDARD = gnu99;
				GCC_WARN_64_TO_32_BIT_CONVERSION = YES;
				GCC_WARN_ABOUT_RETURN_TYPE = YES_ERROR;
				GCC_WARN_UNDECLARED_SELECTOR = YES;
				GCC_WARN_UNINITIALIZED_AUTOS = YES;
				GCC_WARN_UNUSED_FUNCTION = YES;
				GCC_WARN_UNUSED_VARIABLE = YES;
				IPHONEOS_DEPLOYMENT_TARGET = 7.0;
				SDKROOT = iphoneos;
				VALIDATE_PRODUCT = YES;
			};
			name = Release;
		};
		697D972818388BCF00D20652 /* Debug */ = {
			isa = XCBuildConfiguration;
			buildSettings = {
				ASSETCATALOG_COMPILER_APPICON_NAME = AppIcon;
				ASSETCATALOG_COMPILER_LAUNCHIMAGE_NAME = LaunchImage;
				FRAMEWORK_SEARCH_PATHS = (
					"$(inherited)",
					"/Users/e125705/facebook-ios-sdk/build",
					"/Users/e125705/modeling/2013-D/PakuriBook",
				);
				GCC_PRECOMPILE_PREFIX_HEADER = YES;
				GCC_PREFIX_HEADER = "PakuriBook/PakuriBook-Prefix.pch";
				INFOPLIST_FILE = "PakuriBook/PakuriBook-Info.plist";
				PRODUCT_NAME = "$(TARGET_NAME)";
				WRAPPER_EXTENSION = app;
			};
			name = Debug;
		};
		697D972918388BCF00D20652 /* Release */ = {
			isa = XCBuildConfiguration;
			buildSettings = {
				ASSETCATALOG_COMPILER_APPICON_NAME = AppIcon;
				ASSETCATALOG_COMPILER_LAUNCHIMAGE_NAME = LaunchImage;
				FRAMEWORK_SEARCH_PATHS = (
					"$(inherited)",
					"/Users/e125705/facebook-ios-sdk/build",
					"/Users/e125705/modeling/2013-D/PakuriBook",
				);
				GCC_PRECOMPILE_PREFIX_HEADER = YES;
				GCC_PREFIX_HEADER = "PakuriBook/PakuriBook-Prefix.pch";
				INFOPLIST_FILE = "PakuriBook/PakuriBook-Info.plist";
				PRODUCT_NAME = "$(TARGET_NAME)";
				WRAPPER_EXTENSION = app;
			};
			name = Release;
		};
		697D972B18388BCF00D20652 /* Debug */ = {
			isa = XCBuildConfiguration;
			buildSettings = {
				ARCHS = "$(ARCHS_STANDARD_INCLUDING_64_BIT)";
				BUNDLE_LOADER = "$(BUILT_PRODUCTS_DIR)/PakuriBook.app/PakuriBook";
				FRAMEWORK_SEARCH_PATHS = (
					"$(SDKROOT)/Developer/Library/Frameworks",
					"$(inherited)",
					"$(DEVELOPER_FRAMEWORKS_DIR)",
				);
				GCC_PRECOMPILE_PREFIX_HEADER = YES;
				GCC_PREFIX_HEADER = "PakuriBook/PakuriBook-Prefix.pch";
				GCC_PREPROCESSOR_DEFINITIONS = (
					"DEBUG=1",
					"$(inherited)",
				);
				INFOPLIST_FILE = "PakuriBookTests/PakuriBookTests-Info.plist";
				PRODUCT_NAME = "$(TARGET_NAME)";
				TEST_HOST = "$(BUNDLE_LOADER)";
				WRAPPER_EXTENSION = xctest;
			};
			name = Debug;
		};
		697D972C18388BCF00D20652 /* Release */ = {
			isa = XCBuildConfiguration;
			buildSettings = {
				ARCHS = "$(ARCHS_STANDARD_INCLUDING_64_BIT)";
				BUNDLE_LOADER = "$(BUILT_PRODUCTS_DIR)/PakuriBook.app/PakuriBook";
				FRAMEWORK_SEARCH_PATHS = (
					"$(SDKROOT)/Developer/Library/Frameworks",
					"$(inherited)",
					"$(DEVELOPER_FRAMEWORKS_DIR)",
				);
				GCC_PRECOMPILE_PREFIX_HEADER = YES;
				GCC_PREFIX_HEADER = "PakuriBook/PakuriBook-Prefix.pch";
				INFOPLIST_FILE = "PakuriBookTests/PakuriBookTests-Info.plist";
				PRODUCT_NAME = "$(TARGET_NAME)";
				TEST_HOST = "$(BUNDLE_LOADER)";
				WRAPPER_EXTENSION = xctest;
			};
			name = Release;
		};
/* End XCBuildConfiguration section */

/* Begin XCConfigurationList section */
		697D96F018388BCF00D20652 /* Build configuration list for PBXProject "PakuriBook" */ = {
			isa = XCConfigurationList;
			buildConfigurations = (
				697D972518388BCF00D20652 /* Debug */,
				697D972618388BCF00D20652 /* Release */,
			);
			defaultConfigurationIsVisible = 0;
			defaultConfigurationName = Release;
		};
		697D972718388BCF00D20652 /* Build configuration list for PBXNativeTarget "PakuriBook" */ = {
			isa = XCConfigurationList;
			buildConfigurations = (
				697D972818388BCF00D20652 /* Debug */,
				697D972918388BCF00D20652 /* Release */,
			);
			defaultConfigurationIsVisible = 0;
			defaultConfigurationName = Release;
		};
		697D972A18388BCF00D20652 /* Build configuration list for PBXNativeTarget "PakuriBookTests" */ = {
			isa = XCConfigurationList;
			buildConfigurations = (
				697D972B18388BCF00D20652 /* Debug */,
				697D972C18388BCF00D20652 /* Release */,
			);
			defaultConfigurationIsVisible = 0;
			defaultConfigurationName = Release;
		};
/* End XCConfigurationList section */
	};
	rootObject = 697D96ED18388BCF00D20652 /* Project object */;
}
