// !$*UTF8*$!
{
	archiveVersion = 1;
	classes = {
	};
	objectVersion = 46;
	objects = {

/* Begin PBXBuildFile section */
		695C79531850187900941C47 /* HowtoViewController.m in Sources */ = {isa = PBXBuildFile; fileRef = 695C79521850187900941C47 /* HowtoViewController.m */; };
		695C7997185021BF00941C47 /* GameViewController.m in Sources */ = {isa = PBXBuildFile; fileRef = 695C7996185021BF00941C47 /* GameViewController.m */; };
		699BE988184B0CF400AD0741 /* Foundation.framework in Frameworks */ = {isa = PBXBuildFile; fileRef = 699BE987184B0CF400AD0741 /* Foundation.framework */; };
		699BE98A184B0CF400AD0741 /* CoreGraphics.framework in Frameworks */ = {isa = PBXBuildFile; fileRef = 699BE989184B0CF400AD0741 /* CoreGraphics.framework */; };
		699BE98C184B0CF400AD0741 /* UIKit.framework in Frameworks */ = {isa = PBXBuildFile; fileRef = 699BE98B184B0CF400AD0741 /* UIKit.framework */; };
		699BE992184B0CF400AD0741 /* InfoPlist.strings in Resources */ = {isa = PBXBuildFile; fileRef = 699BE990184B0CF400AD0741 /* InfoPlist.strings */; };
		699BE994184B0CF400AD0741 /* main.m in Sources */ = {isa = PBXBuildFile; fileRef = 699BE993184B0CF400AD0741 /* main.m */; };
		699BE998184B0CF400AD0741 /* AppDelegate.m in Sources */ = {isa = PBXBuildFile; fileRef = 699BE997184B0CF400AD0741 /* AppDelegate.m */; };
		699BE99B184B0CF400AD0741 /* Main.storyboard in Resources */ = {isa = PBXBuildFile; fileRef = 699BE999184B0CF400AD0741 /* Main.storyboard */; };
		699BE99E184B0CF400AD0741 /* ViewController.m in Sources */ = {isa = PBXBuildFile; fileRef = 699BE99D184B0CF400AD0741 /* ViewController.m */; };
		699BE9A0184B0CF400AD0741 /* Images.xcassets in Resources */ = {isa = PBXBuildFile; fileRef = 699BE99F184B0CF400AD0741 /* Images.xcassets */; };
		699BE9A7184B0CF400AD0741 /* XCTest.framework in Frameworks */ = {isa = PBXBuildFile; fileRef = 699BE9A6184B0CF400AD0741 /* XCTest.framework */; };
		699BE9A8184B0CF400AD0741 /* Foundation.framework in Frameworks */ = {isa = PBXBuildFile; fileRef = 699BE987184B0CF400AD0741 /* Foundation.framework */; };
		699BE9A9184B0CF400AD0741 /* UIKit.framework in Frameworks */ = {isa = PBXBuildFile; fileRef = 699BE98B184B0CF400AD0741 /* UIKit.framework */; };
		699BE9B1184B0CF400AD0741 /* InfoPlist.strings in Resources */ = {isa = PBXBuildFile; fileRef = 699BE9AF184B0CF400AD0741 /* InfoPlist.strings */; };
		699BE9B3184B0CF400AD0741 /* nurunuruflikTests.m in Sources */ = {isa = PBXBuildFile; fileRef = 699BE9B2184B0CF400AD0741 /* nurunuruflikTests.m */; };
/* End PBXBuildFile section */

/* Begin PBXContainerItemProxy section */
		699BE9AA184B0CF400AD0741 /* PBXContainerItemProxy */ = {
			isa = PBXContainerItemProxy;
			containerPortal = 699BE97C184B0CF400AD0741 /* Project object */;
			proxyType = 1;
			remoteGlobalIDString = 699BE983184B0CF400AD0741;
			remoteInfo = nurunuruflik;
		};
/* End PBXContainerItemProxy section */

/* Begin PBXFileReference section */
		695C79511850187900941C47 /* HowtoViewController.h */ = {isa = PBXFileReference; fileEncoding = 4; lastKnownFileType = sourcecode.c.h; path = HowtoViewController.h; sourceTree = "<group>"; };
		695C79521850187900941C47 /* HowtoViewController.m */ = {isa = PBXFileReference; fileEncoding = 4; lastKnownFileType = sourcecode.c.objc; path = HowtoViewController.m; sourceTree = "<group>"; };
		695C7995185021BF00941C47 /* GameViewController.h */ = {isa = PBXFileReference; fileEncoding = 4; lastKnownFileType = sourcecode.c.h; path = GameViewController.h; sourceTree = "<group>"; };
		695C7996185021BF00941C47 /* GameViewController.m */ = {isa = PBXFileReference; fileEncoding = 4; lastKnownFileType = sourcecode.c.objc; path = GameViewController.m; sourceTree = "<group>"; };
		699BE984184B0CF400AD0741 /* nurunuruflik.app */ = {isa = PBXFileReference; explicitFileType = wrapper.application; includeInIndex = 0; path = nurunuruflik.app; sourceTree = BUILT_PRODUCTS_DIR; };
		699BE987184B0CF400AD0741 /* Foundation.framework */ = {isa = PBXFileReference; lastKnownFileType = wrapper.framework; name = Foundation.framework; path = System/Library/Frameworks/Foundation.framework; sourceTree = SDKROOT; };
		699BE989184B0CF400AD0741 /* CoreGraphics.framework */ = {isa = PBXFileReference; lastKnownFileType = wrapper.framework; name = CoreGraphics.framework; path = System/Library/Frameworks/CoreGraphics.framework; sourceTree = SDKROOT; };
		699BE98B184B0CF400AD0741 /* UIKit.framework */ = {isa = PBXFileReference; lastKnownFileType = wrapper.framework; name = UIKit.framework; path = System/Library/Frameworks/UIKit.framework; sourceTree = SDKROOT; };
		699BE98F184B0CF400AD0741 /* nurunuruflik-Info.plist */ = {isa = PBXFileReference; lastKnownFileType = text.plist.xml; path = "nurunuruflik-Info.plist"; sourceTree = "<group>"; };
		699BE991184B0CF400AD0741 /* en */ = {isa = PBXFileReference; lastKnownFileType = text.plist.strings; name = en; path = en.lproj/InfoPlist.strings; sourceTree = "<group>"; };
		699BE993184B0CF400AD0741 /* main.m */ = {isa = PBXFileReference; lastKnownFileType = sourcecode.c.objc; path = main.m; sourceTree = "<group>"; };
		699BE995184B0CF400AD0741 /* nurunuruflik-Prefix.pch */ = {isa = PBXFileReference; lastKnownFileType = sourcecode.c.h; path = "nurunuruflik-Prefix.pch"; sourceTree = "<group>"; };
		699BE996184B0CF400AD0741 /* AppDelegate.h */ = {isa = PBXFileReference; lastKnownFileType = sourcecode.c.h; path = AppDelegate.h; sourceTree = "<group>"; };
		699BE997184B0CF400AD0741 /* AppDelegate.m */ = {isa = PBXFileReference; lastKnownFileType = sourcecode.c.objc; path = AppDelegate.m; sourceTree = "<group>"; };
		699BE99A184B0CF400AD0741 /* Base */ = {isa = PBXFileReference; lastKnownFileType = file.storyboard; name = Base; path = Base.lproj/Main.storyboard; sourceTree = "<group>"; };
		699BE99C184B0CF400AD0741 /* ViewController.h */ = {isa = PBXFileReference; fileEncoding = 4; lastKnownFileType = sourcecode.c.h; lineEnding = 0; path = ViewController.h; sourceTree = "<group>"; };
		699BE99D184B0CF400AD0741 /* ViewController.m */ = {isa = PBXFileReference; lastKnownFileType = sourcecode.c.objc; path = ViewController.m; sourceTree = "<group>"; };
		699BE99F184B0CF400AD0741 /* Images.xcassets */ = {isa = PBXFileReference; lastKnownFileType = folder.assetcatalog; path = Images.xcassets; sourceTree = "<group>"; };
		699BE9A5184B0CF400AD0741 /* nurunuruflikTests.xctest */ = {isa = PBXFileReference; explicitFileType = wrapper.cfbundle; includeInIndex = 0; path = nurunuruflikTests.xctest; sourceTree = BUILT_PRODUCTS_DIR; };
		699BE9A6184B0CF400AD0741 /* XCTest.framework */ = {isa = PBXFileReference; lastKnownFileType = wrapper.framework; name = XCTest.framework; path = Library/Frameworks/XCTest.framework; sourceTree = DEVELOPER_DIR; };
		699BE9AE184B0CF400AD0741 /* nurunuruflikTests-Info.plist */ = {isa = PBXFileReference; lastKnownFileType = text.plist.xml; path = "nurunuruflikTests-Info.plist"; sourceTree = "<group>"; };
		699BE9B0184B0CF400AD0741 /* en */ = {isa = PBXFileReference; lastKnownFileType = text.plist.strings; name = en; path = en.lproj/InfoPlist.strings; sourceTree = "<group>"; };
		699BE9B2184B0CF400AD0741 /* nurunuruflikTests.m */ = {isa = PBXFileReference; lastKnownFileType = sourcecode.c.objc; path = nurunuruflikTests.m; sourceTree = "<group>"; };
/* End PBXFileReference section */

/* Begin PBXFrameworksBuildPhase section */
		699BE981184B0CF400AD0741 /* Frameworks */ = {
			isa = PBXFrameworksBuildPhase;
			buildActionMask = 2147483647;
			files = (
				699BE98A184B0CF400AD0741 /* CoreGraphics.framework in Frameworks */,
				699BE98C184B0CF400AD0741 /* UIKit.framework in Frameworks */,
				699BE988184B0CF400AD0741 /* Foundation.framework in Frameworks */,
			);
			runOnlyForDeploymentPostprocessing = 0;
		};
		699BE9A2184B0CF400AD0741 /* Frameworks */ = {
			isa = PBXFrameworksBuildPhase;
			buildActionMask = 2147483647;
			files = (
				699BE9A7184B0CF400AD0741 /* XCTest.framework in Frameworks */,
				699BE9A9184B0CF400AD0741 /* UIKit.framework in Frameworks */,
				699BE9A8184B0CF400AD0741 /* Foundation.framework in Frameworks */,
			);
			runOnlyForDeploymentPostprocessing = 0;
		};
/* End PBXFrameworksBuildPhase section */

/* Begin PBXGroup section */
		699BE97B184B0CF400AD0741 = {
			isa = PBXGroup;
			children = (
				699BE98D184B0CF400AD0741 /* nurunuruflik */,
				699BE9AC184B0CF400AD0741 /* nurunuruflikTests */,
				699BE986184B0CF400AD0741 /* Frameworks */,
				699BE985184B0CF400AD0741 /* Products */,
			);
			sourceTree = "<group>";
		};
		699BE985184B0CF400AD0741 /* Products */ = {
			isa = PBXGroup;
			children = (
				699BE984184B0CF400AD0741 /* nurunuruflik.app */,
				699BE9A5184B0CF400AD0741 /* nurunuruflikTests.xctest */,
			);
			name = Products;
			sourceTree = "<group>";
		};
		699BE986184B0CF400AD0741 /* Frameworks */ = {
			isa = PBXGroup;
			children = (
				699BE987184B0CF400AD0741 /* Foundation.framework */,
				699BE989184B0CF400AD0741 /* CoreGraphics.framework */,
				699BE98B184B0CF400AD0741 /* UIKit.framework */,
				699BE9A6184B0CF400AD0741 /* XCTest.framework */,
			);
			name = Frameworks;
			sourceTree = "<group>";
		};
		699BE98D184B0CF400AD0741 /* nurunuruflik */ = {
			isa = PBXGroup;
			children = (
				699BE996184B0CF400AD0741 /* AppDelegate.h */,
				695C79511850187900941C47 /* HowtoViewController.h */,
				695C79521850187900941C47 /* HowtoViewController.m */,
				695C7995185021BF00941C47 /* GameViewController.h */,
				695C7996185021BF00941C47 /* GameViewController.m */,
				699BE997184B0CF400AD0741 /* AppDelegate.m */,
				699BE999184B0CF400AD0741 /* Main.storyboard */,
				699BE99C184B0CF400AD0741 /* ViewController.h */,
				699BE99D184B0CF400AD0741 /* ViewController.m */,
				699BE99F184B0CF400AD0741 /* Images.xcassets */,
				699BE98E184B0CF400AD0741 /* Supporting Files */,
			);
			path = nurunuruflik;
			sourceTree = "<group>";
		};
		699BE98E184B0CF400AD0741 /* Supporting Files */ = {
			isa = PBXGroup;
			children = (
				699BE98F184B0CF400AD0741 /* nurunuruflik-Info.plist */,
				699BE990184B0CF400AD0741 /* InfoPlist.strings */,
				699BE993184B0CF400AD0741 /* main.m */,
				699BE995184B0CF400AD0741 /* nurunuruflik-Prefix.pch */,
			);
			name = "Supporting Files";
			sourceTree = "<group>";
		};
		699BE9AC184B0CF400AD0741 /* nurunuruflikTests */ = {
			isa = PBXGroup;
			children = (
				699BE9B2184B0CF400AD0741 /* nurunuruflikTests.m */,
				699BE9AD184B0CF400AD0741 /* Supporting Files */,
			);
			path = nurunuruflikTests;
			sourceTree = "<group>";
		};
		699BE9AD184B0CF400AD0741 /* Supporting Files */ = {
			isa = PBXGroup;
			children = (
				699BE9AE184B0CF400AD0741 /* nurunuruflikTests-Info.plist */,
				699BE9AF184B0CF400AD0741 /* InfoPlist.strings */,
			);
			name = "Supporting Files";
			sourceTree = "<group>";
		};
/* End PBXGroup section */

/* Begin PBXNativeTarget section */
		699BE983184B0CF400AD0741 /* nurunuruflik */ = {
			isa = PBXNativeTarget;
			buildConfigurationList = 699BE9B6184B0CF400AD0741 /* Build configuration list for PBXNativeTarget "nurunuruflik" */;
			buildPhases = (
				699BE980184B0CF400AD0741 /* Sources */,
				699BE981184B0CF400AD0741 /* Frameworks */,
				699BE982184B0CF400AD0741 /* Resources */,
			);
			buildRules = (
			);
			dependencies = (
			);
			name = nurunuruflik;
			productName = nurunuruflik;
			productReference = 699BE984184B0CF400AD0741 /* nurunuruflik.app */;
			productType = "com.apple.product-type.application";
		};
		699BE9A4184B0CF400AD0741 /* nurunuruflikTests */ = {
			isa = PBXNativeTarget;
			buildConfigurationList = 699BE9B9184B0CF400AD0741 /* Build configuration list for PBXNativeTarget "nurunuruflikTests" */;
			buildPhases = (
				699BE9A1184B0CF400AD0741 /* Sources */,
				699BE9A2184B0CF400AD0741 /* Frameworks */,
				699BE9A3184B0CF400AD0741 /* Resources */,
			);
			buildRules = (
			);
			dependencies = (
				699BE9AB184B0CF400AD0741 /* PBXTargetDependency */,
			);
			name = nurunuruflikTests;
			productName = nurunuruflikTests;
			productReference = 699BE9A5184B0CF400AD0741 /* nurunuruflikTests.xctest */;
			productType = "com.apple.product-type.bundle.unit-test";
		};
/* End PBXNativeTarget section */

/* Begin PBXProject section */
		699BE97C184B0CF400AD0741 /* Project object */ = {
			isa = PBXProject;
			attributes = {
				LastUpgradeCheck = 0500;
				ORGANIZATIONNAME = "Hiroki MATSUMOTO";
				TargetAttributes = {
					699BE9A4184B0CF400AD0741 = {
						TestTargetID = 699BE983184B0CF400AD0741;
					};
				};
			};
			buildConfigurationList = 699BE97F184B0CF400AD0741 /* Build configuration list for PBXProject "nurunuruflik" */;
			compatibilityVersion = "Xcode 3.2";
			developmentRegion = English;
			hasScannedForEncodings = 0;
			knownRegions = (
				en,
				Base,
			);
			mainGroup = 699BE97B184B0CF400AD0741;
			productRefGroup = 699BE985184B0CF400AD0741 /* Products */;
			projectDirPath = "";
			projectRoot = "";
			targets = (
				699BE983184B0CF400AD0741 /* nurunuruflik */,
				699BE9A4184B0CF400AD0741 /* nurunuruflikTests */,
			);
		};
/* End PBXProject section */

/* Begin PBXResourcesBuildPhase section */
		699BE982184B0CF400AD0741 /* Resources */ = {
			isa = PBXResourcesBuildPhase;
			buildActionMask = 2147483647;
			files = (
				699BE9A0184B0CF400AD0741 /* Images.xcassets in Resources */,
				699BE992184B0CF400AD0741 /* InfoPlist.strings in Resources */,
				699BE99B184B0CF400AD0741 /* Main.storyboard in Resources */,
			);
			runOnlyForDeploymentPostprocessing = 0;
		};
		699BE9A3184B0CF400AD0741 /* Resources */ = {
			isa = PBXResourcesBuildPhase;
			buildActionMask = 2147483647;
			files = (
				699BE9B1184B0CF400AD0741 /* InfoPlist.strings in Resources */,
			);
			runOnlyForDeploymentPostprocessing = 0;
		};
/* End PBXResourcesBuildPhase section */

/* Begin PBXSourcesBuildPhase section */
		699BE980184B0CF400AD0741 /* Sources */ = {
			isa = PBXSourcesBuildPhase;
			buildActionMask = 2147483647;
			files = (
				695C7997185021BF00941C47 /* GameViewController.m in Sources */,
				699BE99E184B0CF400AD0741 /* ViewController.m in Sources */,
				699BE998184B0CF400AD0741 /* AppDelegate.m in Sources */,
				699BE994184B0CF400AD0741 /* main.m in Sources */,
				695C79531850187900941C47 /* HowtoViewController.m in Sources */,
			);
			runOnlyForDeploymentPostprocessing = 0;
		};
		699BE9A1184B0CF400AD0741 /* Sources */ = {
			isa = PBXSourcesBuildPhase;
			buildActionMask = 2147483647;
			files = (
				699BE9B3184B0CF400AD0741 /* nurunuruflikTests.m in Sources */,
			);
			runOnlyForDeploymentPostprocessing = 0;
		};
/* End PBXSourcesBuildPhase section */

/* Begin PBXTargetDependency section */
		699BE9AB184B0CF400AD0741 /* PBXTargetDependency */ = {
			isa = PBXTargetDependency;
			target = 699BE983184B0CF400AD0741 /* nurunuruflik */;
			targetProxy = 699BE9AA184B0CF400AD0741 /* PBXContainerItemProxy */;
		};
/* End PBXTargetDependency section */

/* Begin PBXVariantGroup section */
		699BE990184B0CF400AD0741 /* InfoPlist.strings */ = {
			isa = PBXVariantGroup;
			children = (
				699BE991184B0CF400AD0741 /* en */,
			);
			name = InfoPlist.strings;
			sourceTree = "<group>";
		};
		699BE999184B0CF400AD0741 /* Main.storyboard */ = {
			isa = PBXVariantGroup;
			children = (
				699BE99A184B0CF400AD0741 /* Base */,
			);
			name = Main.storyboard;
			sourceTree = "<group>";
		};
		699BE9AF184B0CF400AD0741 /* InfoPlist.strings */ = {
			isa = PBXVariantGroup;
			children = (
				699BE9B0184B0CF400AD0741 /* en */,
			);
			name = InfoPlist.strings;
			sourceTree = "<group>";
		};
/* End PBXVariantGroup section */

/* Begin XCBuildConfiguration section */
		699BE9B4184B0CF400AD0741 /* Debug */ = {
			isa = XCBuildConfiguration;
			buildSettings = {
				ALWAYS_SEARCH_USER_PATHS = NO;
				ARCHS = "$(ARCHS_STANDARD_INCLUDING_64_BIT)";
				CLANG_CXX_LANGUAGE_STANDARD = "gnu++0x";
				CLANG_CXX_LIBRARY = "libc++";
				CLANG_ENABLE_MODULES = YES;
				CLANG_ENABLE_OBJC_ARC = YES;
				CLANG_WARN_BOOL_CONVERSION = YES;
				CLANG_WARN_CONSTANT_CONVERSION = YES;
				CLANG_WARN_DIRECT_OBJC_ISA_USAGE = YES_ERROR;
				CLANG_WARN_EMPTY_BODY = YES;
				CLANG_WARN_ENUM_CONVERSION = YES;
				CLANG_WARN_INT_CONVERSION = YES;
				CLANG_WARN_OBJC_ROOT_CLASS = YES_ERROR;
				CLANG_WARN__DUPLICATE_METHOD_MATCH = YES;
				"CODE_SIGN_IDENTITY[sdk=iphoneos*]" = "iPhone Developer";
				COPY_PHASE_STRIP = NO;
				GCC_C_LANGUAGE_STANDARD = gnu99;
				GCC_DYNAMIC_NO_PIC = NO;
				GCC_OPTIMIZATION_LEVEL = 0;
				GCC_PREPROCESSOR_DEFINITIONS = (
					"DEBUG=1",
					"$(inherited)",
				);
				GCC_SYMBOLS_PRIVATE_EXTERN = NO;
				GCC_WARN_64_TO_32_BIT_CONVERSION = YES;
				GCC_WARN_ABOUT_RETURN_TYPE = YES_ERROR;
				GCC_WARN_UNDECLARED_SELECTOR = YES;
				GCC_WARN_UNINITIALIZED_AUTOS = YES;
				GCC_WARN_UNUSED_FUNCTION = YES;
				GCC_WARN_UNUSED_VARIABLE = YES;
				IPHONEOS_DEPLOYMENT_TARGET = 7.0;
				ONLY_ACTIVE_ARCH = YES;
				SDKROOT = iphoneos;
			};
			name = Debug;
		};
		699BE9B5184B0CF400AD0741 /* Release */ = {
			isa = XCBuildConfiguration;
			buildSettings = {
				ALWAYS_SEARCH_USER_PATHS = NO;
				ARCHS = "$(ARCHS_STANDARD_INCLUDING_64_BIT)";
				CLANG_CXX_LANGUAGE_STANDARD = "gnu++0x";
				CLANG_CXX_LIBRARY = "libc++";
				CLANG_ENABLE_MODULES = YES;
				CLANG_ENABLE_OBJC_ARC = YES;
				CLANG_WARN_BOOL_CONVERSION = YES;
				CLANG_WARN_CONSTANT_CONVERSION = YES;
				CLANG_WARN_DIRECT_OBJC_ISA_USAGE = YES_ERROR;
				CLANG_WARN_EMPTY_BODY = YES;
				CLANG_WARN_ENUM_CONVERSION = YES;
				CLANG_WARN_INT_CONVERSION = YES;
				CLANG_WARN_OBJC_ROOT_CLASS = YES_ERROR;
				CLANG_WARN__DUPLICATE_METHOD_MATCH = YES;
				"CODE_SIGN_IDENTITY[sdk=iphoneos*]" = "iPhone Developer";
				COPY_PHASE_STRIP = YES;
				ENABLE_NS_ASSERTIONS = NO;
				GCC_C_LANGUAGE_STANDARD = gnu99;
				GCC_WARN_64_TO_32_BIT_CONVERSION = YES;
				GCC_WARN_ABOUT_RETURN_TYPE = YES_ERROR;
				GCC_WARN_UNDECLARED_SELECTOR = YES;
				GCC_WARN_UNINITIALIZED_AUTOS = YES;
				GCC_WARN_UNUSED_FUNCTION = YES;
				GCC_WARN_UNUSED_VARIABLE = YES;
				IPHONEOS_DEPLOYMENT_TARGET = 7.0;
				SDKROOT = iphoneos;
				VALIDATE_PRODUCT = YES;
			};
			name = Release;
		};
		699BE9B7184B0CF400AD0741 /* Debug */ = {
			isa = XCBuildConfiguration;
			buildSettings = {
				ASSETCATALOG_COMPILER_APPICON_NAME = AppIcon;
				ASSETCATALOG_COMPILER_LAUNCHIMAGE_NAME = LaunchImage;
				GCC_PRECOMPILE_PREFIX_HEADER = YES;
				GCC_PREFIX_HEADER = "nurunuruflik/nurunuruflik-Prefix.pch";
				INFOPLIST_FILE = "nurunuruflik/nurunuruflik-Info.plist";
				PRODUCT_NAME = "$(TARGET_NAME)";
				WRAPPER_EXTENSION = app;
			};
			name = Debug;
		};
		699BE9B8184B0CF400AD0741 /* Release */ = {
			isa = XCBuildConfiguration;
			buildSettings = {
				ASSETCATALOG_COMPILER_APPICON_NAME = AppIcon;
				ASSETCATALOG_COMPILER_LAUNCHIMAGE_NAME = LaunchImage;
				GCC_PRECOMPILE_PREFIX_HEADER = YES;
				GCC_PREFIX_HEADER = "nurunuruflik/nurunuruflik-Prefix.pch";
				INFOPLIST_FILE = "nurunuruflik/nurunuruflik-Info.plist";
				PRODUCT_NAME = "$(TARGET_NAME)";
				WRAPPER_EXTENSION = app;
			};
			name = Release;
		};
		699BE9BA184B0CF400AD0741 /* Debug */ = {
			isa = XCBuildConfiguration;
			buildSettings = {
				ARCHS = "$(ARCHS_STANDARD_INCLUDING_64_BIT)";
				BUNDLE_LOADER = "$(BUILT_PRODUCTS_DIR)/nurunuruflik.app/nurunuruflik";
				FRAMEWORK_SEARCH_PATHS = (
					"$(SDKROOT)/Developer/Library/Frameworks",
					"$(inherited)",
					"$(DEVELOPER_FRAMEWORKS_DIR)",
				);
				GCC_PRECOMPILE_PREFIX_HEADER = YES;
				GCC_PREFIX_HEADER = "nurunuruflik/nurunuruflik-Prefix.pch";
				GCC_PREPROCESSOR_DEFINITIONS = (
					"DEBUG=1",
					"$(inherited)",
				);
				INFOPLIST_FILE = "nurunuruflikTests/nurunuruflikTests-Info.plist";
				PRODUCT_NAME = "$(TARGET_NAME)";
				TEST_HOST = "$(BUNDLE_LOADER)";
				WRAPPER_EXTENSION = xctest;
			};
			name = Debug;
		};
		699BE9BB184B0CF400AD0741 /* Release */ = {
			isa = XCBuildConfiguration;
			buildSettings = {
				ARCHS = "$(ARCHS_STANDARD_INCLUDING_64_BIT)";
				BUNDLE_LOADER = "$(BUILT_PRODUCTS_DIR)/nurunuruflik.app/nurunuruflik";
				FRAMEWORK_SEARCH_PATHS = (
					"$(SDKROOT)/Developer/Library/Frameworks",
					"$(inherited)",
					"$(DEVELOPER_FRAMEWORKS_DIR)",
				);
				GCC_PRECOMPILE_PREFIX_HEADER = YES;
				GCC_PREFIX_HEADER = "nurunuruflik/nurunuruflik-Prefix.pch";
				INFOPLIST_FILE = "nurunuruflikTests/nurunuruflikTests-Info.plist";
				PRODUCT_NAME = "$(TARGET_NAME)";
				TEST_HOST = "$(BUNDLE_LOADER)";
				WRAPPER_EXTENSION = xctest;
			};
			name = Release;
		};
/* End XCBuildConfiguration section */

/* Begin XCConfigurationList section */
		699BE97F184B0CF400AD0741 /* Build configuration list for PBXProject "nurunuruflik" */ = {
			isa = XCConfigurationList;
			buildConfigurations = (
				699BE9B4184B0CF400AD0741 /* Debug */,
				699BE9B5184B0CF400AD0741 /* Release */,
			);
			defaultConfigurationIsVisible = 0;
			defaultConfigurationName = Release;
		};
		699BE9B6184B0CF400AD0741 /* Build configuration list for PBXNativeTarget "nurunuruflik" */ = {
			isa = XCConfigurationList;
			buildConfigurations = (
				699BE9B7184B0CF400AD0741 /* Debug */,
				699BE9B8184B0CF400AD0741 /* Release */,
			);
			defaultConfigurationIsVisible = 0;
			defaultConfigurationName = Release;
		};
		699BE9B9184B0CF400AD0741 /* Build configuration list for PBXNativeTarget "nurunuruflikTests" */ = {
			isa = XCConfigurationList;
			buildConfigurations = (
				699BE9BA184B0CF400AD0741 /* Debug */,
				699BE9BB184B0CF400AD0741 /* Release */,
			);
			defaultConfigurationIsVisible = 0;
			defaultConfigurationName = Release;
		};
/* End XCConfigurationList section */
	};
	rootObject = 699BE97C184B0CF400AD0741 /* Project object */;
}
